
Microsoft Visual Studio Solution File, Format Version 12.00
# Visual Studio 15
VisualStudioVersion = 15.0.27428.2037
MinimumVisualStudioVersion = 10.0.40219.1
Project("{9A19103F-16F7-4668-BE54-9A1E7A4F7556}") = "ImpartnerTest", "ImpartnerTest.csproj", "{7D8F8889-2461-4432-A9A9-03512D918A67}"
EndProject
Global
	GlobalSection(SolutionConfigurationPlatforms) = preSolution
		Debug|Any CPU = Debug|Any CPU
		Release|Any CPU = Release|Any CPU
	EndGlobalSection
	GlobalSection(ProjectConfigurationPlatforms) = postSolution
		{7D8F8889-2461-4432-A9A9-03512D918A67}.Debug|Any CPU.ActiveCfg = Debug|Any CPU
		{7D8F8889-2461-4432-A9A9-03512D918A67}.Debug|Any CPU.Build.0 = Debug|Any CPU
		{7D8F8889-2461-4432-A9A9-03512D918A67}.Release|Any CPU.ActiveCfg = Release|Any CPU
		{7D8F8889-2461-4432-A9A9-03512D918A67}.Release|Any CPU.Build.0 = Release|Any CPU
	EndGlobalSection
	GlobalSection(SolutionProperties) = preSolution
		HideSolutionNode = FALSE
	EndGlobalSection
	GlobalSection(ExtensibilityGlobals) = postSolution
		SolutionGuid = {41498A22-1AAC-4A5E-910E-05F2521657F4}
	EndGlobalSection
EndGlobal
